
Microsoft Visual Studio Solution File, Format Version 12.00
# Visual Studio 15
VisualStudioVersion = 15.0.28307.757
MinimumVisualStudioVersion = 10.0.40219.1
Project("{FAE04EC0-301F-11D3-BF4B-00C04F79EFBC}") = "Fransom", "Fransom\Fransom.csproj", "{10EAC33D-E504-40CD-BEA1-A4232152ECAA}"
EndProject
Project("{FAE04EC0-301F-11D3-BF4B-00C04F79EFBC}") = "FransomDLL", "FransomDLL\FransomDLL.csproj", "{77257022-BD9D-4190-A9C2-B020336757E1}"
EndProject
Global
	GlobalSection(SolutionConfigurationPlatforms) = preSolution
		Debug|Any CPU = Debug|Any CPU
		Release|Any CPU = Release|Any CPU
	EndGlobalSection
	GlobalSection(ProjectConfigurationPlatforms) = postSolution
		{10EAC33D-E504-40CD-BEA1-A4232152ECAA}.Debug|Any CPU.ActiveCfg = Debug|Any CPU
		{10EAC33D-E504-40CD-BEA1-A4232152ECAA}.Debug|Any CPU.Build.0 = Debug|Any CPU
		{10EAC33D-E504-40CD-BEA1-A4232152ECAA}.Release|Any CPU.ActiveCfg = Release|Any CPU
		{10EAC33D-E504-40CD-BEA1-A4232152ECAA}.Release|Any CPU.Build.0 = Release|Any CPU
		{77257022-BD9D-4190-A9C2-B020336757E1}.Debug|Any CPU.ActiveCfg = Debug|Any CPU
		{77257022-BD9D-4190-A9C2-B020336757E1}.Debug|Any CPU.Build.0 = Debug|Any CPU
		{77257022-BD9D-4190-A9C2-B020336757E1}.Release|Any CPU.ActiveCfg = Release|Any CPU
		{77257022-BD9D-4190-A9C2-B020336757E1}.Release|Any CPU.Build.0 = Release|Any CPU
	EndGlobalSection
	GlobalSection(SolutionProperties) = preSolution
		HideSolutionNode = FALSE
	EndGlobalSection
	GlobalSection(ExtensibilityGlobals) = postSolution
		SolutionGuid = {822E455F-82E5-4B5E-97AC-C0A6AB8A9EDB}
	EndGlobalSection
EndGlobal
